
Microsoft Visual Studio Solution File, Format Version 12.00
# Visual Studio Version 16
VisualStudioVersion = 16.0.29215.179
MinimumVisualStudioVersion = 10.0.40219.1
Project("{FAE04EC0-301F-11D3-BF4B-00C04F79EFBC}") = "R365ChallengeCalculator", "R365ChallengeCalculator\R365ChallengeCalculator.csproj", "{5B51A2D5-3A42-4E3F-A692-76408253E131}"
EndProject
Project("{FAE04EC0-301F-11D3-BF4B-00C04F79EFBC}") = "R365ChallengeCalculatorTests", "R365ChallengeCalculatorTests\R365ChallengeCalculatorTests.csproj", "{DA8D7CE1-224B-44A9-8B8A-03D6911D0244}"
EndProject
Global
	GlobalSection(SolutionConfigurationPlatforms) = preSolution
		Debug|Any CPU = Debug|Any CPU
		Release|Any CPU = Release|Any CPU
	EndGlobalSection
	GlobalSection(ProjectConfigurationPlatforms) = postSolution
		{5B51A2D5-3A42-4E3F-A692-76408253E131}.Debug|Any CPU.ActiveCfg = Debug|Any CPU
		{5B51A2D5-3A42-4E3F-A692-76408253E131}.Debug|Any CPU.Build.0 = Debug|Any CPU
		{5B51A2D5-3A42-4E3F-A692-76408253E131}.Release|Any CPU.ActiveCfg = Release|Any CPU
		{5B51A2D5-3A42-4E3F-A692-76408253E131}.Release|Any CPU.Build.0 = Release|Any CPU
		{DA8D7CE1-224B-44A9-8B8A-03D6911D0244}.Debug|Any CPU.ActiveCfg = Debug|Any CPU
		{DA8D7CE1-224B-44A9-8B8A-03D6911D0244}.Debug|Any CPU.Build.0 = Debug|Any CPU
		{DA8D7CE1-224B-44A9-8B8A-03D6911D0244}.Release|Any CPU.ActiveCfg = Release|Any CPU
		{DA8D7CE1-224B-44A9-8B8A-03D6911D0244}.Release|Any CPU.Build.0 = Release|Any CPU
	EndGlobalSection
	GlobalSection(SolutionProperties) = preSolution
		HideSolutionNode = FALSE
	EndGlobalSection
	GlobalSection(ExtensibilityGlobals) = postSolution
		SolutionGuid = {CF518794-8794-4CC9-8F1D-01268795E0E6}
	EndGlobalSection
EndGlobal
